<?xml version="1.0" encoding="utf-8"?>
<Project ToolsVersion="4.0" xmlns="http://schemas.microsoft.com/developer/msbuild/2003">
  <ItemGroup>
    <Filter Include="Game">
      <UniqueIdentifier>{c4f3ac5a-726f-436e-985d-cbc2916b80c4}</UniqueIdentifier>
    </Filter>
    <Filter Include="DX">
      <UniqueIdentifier>{4cde3a32-622a-4b5d-a265-3d79dbca66e0}</UniqueIdentifier>
    </Filter>
    <Filter Include="Resource">
      <UniqueIdentifier>{2fd92ccc-b4b1-4c6c-84e3-3bf9bf437fd5}</UniqueIdentifier>
    </Filter>
    <Filter Include="Game\Scene">
      <UniqueIdentifier>{9d92be18-5499-4b02-8e63-4907b941c3ca}</UniqueIdentifier>
    </Filter>
    <Filter Include="Network">
      <UniqueIdentifier>{dcd9f7bc-e144-40f5-a73a-e780374f8aac}</UniqueIdentifier>
    </Filter>
    <Filter Include="Util">
      <UniqueIdentifier>{0517a484-a097-4a82-830d-3a4bcce45e5d}</UniqueIdentifier>
    </Filter>
    <Filter Include="DX\Object">
      <UniqueIdentifier>{e8d9fc53-6f23-4cf5-b9b2-fcc046665b91}</UniqueIdentifier>
    </Filter>
  </ItemGroup>
  <ItemGroup>
    <ClCompile Include="WinMain.cpp" />
    <ClCompile Include="Resource_Manager.cpp">
      <Filter>Resource</Filter>
    </ClCompile>
    <ClCompile Include="Game_Core.cpp">
      <Filter>Game</Filter>
    </ClCompile>
    <ClCompile Include="Network_Manager.cpp">
      <Filter>Network</Filter>
    </ClCompile>
    <ClCompile Include="Util.cpp">
      <Filter>Util</Filter>
    </ClCompile>
    <ClCompile Include="Game_Scene_Achievements.cpp">
      <Filter>Game\Scene</Filter>
    </ClCompile>
    <ClCompile Include="Game_Scene_GameOver.cpp">
      <Filter>Game\Scene</Filter>
    </ClCompile>
    <ClCompile Include="Game_Scene_GamePlay.cpp">
      <Filter>Game\Scene</Filter>
    </ClCompile>
    <ClCompile Include="Game_Scene_GuestMatching.cpp">
      <Filter>Game\Scene</Filter>
    </ClCompile>
    <ClCompile Include="Game_Scene_HostMatching.cpp">
      <Filter>Game\Scene</Filter>
    </ClCompile>
    <ClCompile Include="Game_Scene_IScene.cpp">
      <Filter>Game\Scene</Filter>
    </ClCompile>
    <ClCompile Include="Game_Scene_PlayingRecord.cpp">
      <Filter>Game\Scene</Filter>
    </ClCompile>
    <ClCompile Include="Game_Scene_ScoreBoard.cpp">
      <Filter>Game\Scene</Filter>
    </ClCompile>
    <ClCompile Include="Game_Scene_Title.cpp">
      <Filter>Game\Scene</Filter>
    </ClCompile>
    <ClCompile Include="Game_Scene_Pause.cpp">
      <Filter>Game\Scene</Filter>
    </ClCompile>
    <ClCompile Include="Game_Scene_ReturnToTitle.cpp">
      <Filter>Game\Scene</Filter>
    </ClCompile>
    <ClCompile Include="Game_Scene_Disconnection.cpp">
      <Filter>Game\Scene</Filter>
    </ClCompile>
    <ClCompile Include="Game_Scene_Settings.cpp">
      <Filter>Game\Scene</Filter>
    </ClCompile>
    <ClCompile Include="Game_Scene_Error.cpp">
      <Filter>Game\Scene</Filter>
    </ClCompile>
    <ClCompile Include="DX_Object_ClickButton.cpp">
      <Filter>DX\Object</Filter>
    </ClCompile>
    <ClCompile Include="DX_MouseCursol.cpp">
      <Filter>DX</Filter>
    </ClCompile>
    <ClCompile Include="DX_UnsettableMouseCursol.cpp">
      <Filter>DX</Filter>
    </ClCompile>
    <ClCompile Include="DX_UtilManager.cpp">
      <Filter>DX</Filter>
    </ClCompile>
    <ClCompile Include="DX_Core.cpp">
      <Filter>DX</Filter>
    </ClCompile>
  </ItemGroup>
  <ItemGroup>
    <ClInclude Include="Resource_Index.h">
      <Filter>Resource</Filter>
    </ClInclude>
    <ClInclude Include="Game_Core.h">
      <Filter>Game</Filter>
    </ClInclude>
    <ClInclude Include="Resource_Manager.h">
      <Filter>Resource</Filter>
    </ClInclude>
    <ClInclude Include="Network_Manager.h">
      <Filter>Network</Filter>
    </ClInclude>
    <ClInclude Include="Util.h">
      <Filter>Util</Filter>
    </ClInclude>
    <ClInclude Include="DX_KeyCode.h">
      <Filter>DX</Filter>
    </ClInclude>
    <ClInclude Include="Game_Scene_Achievements.h">
      <Filter>Game\Scene</Filter>
    </ClInclude>
    <ClInclude Include="Game_Scene_GameOver.h">
      <Filter>Game\Scene</Filter>
    </ClInclude>
    <ClInclude Include="Game_Scene_GamePlay.h">
      <Filter>Game\Scene</Filter>
    </ClInclude>
    <ClInclude Include="Game_Scene_GuestMatching.h">
      <Filter>Game\Scene</Filter>
    </ClInclude>
    <ClInclude Include="Game_Scene_HostMatching.h">
      <Filter>Game\Scene</Filter>
    </ClInclude>
    <ClInclude Include="Game_Scene_IScene.h">
      <Filter>Game\Scene</Filter>
    </ClInclude>
    <ClInclude Include="Game_Scene_PlayingRecord.h">
      <Filter>Game\Scene</Filter>
    </ClInclude>
    <ClInclude Include="Game_Scene_ScoreBoard.h">
      <Filter>Game\Scene</Filter>
    </ClInclude>
    <ClInclude Include="Game_Scene_Title.h">
      <Filter>Game\Scene</Filter>
    </ClInclude>
    <ClInclude Include="Game_Scene_Pause.h">
      <Filter>Game\Scene</Filter>
    </ClInclude>
    <ClInclude Include="Game_Scene_ReturnToTitle.h">
      <Filter>Game\Scene</Filter>
    </ClInclude>
    <ClInclude Include="Game_Scene_Disconnection.h">
      <Filter>Game\Scene</Filter>
    </ClInclude>
    <ClInclude Include="Game_Scene_Settings.h">
      <Filter>Game\Scene</Filter>
    </ClInclude>
    <ClInclude Include="Game_SceneID.h">
      <Filter>Game</Filter>
    </ClInclude>
    <ClInclude Include="Game_Scene_Error.h">
      <Filter>Game\Scene</Filter>
    </ClInclude>
    <ClInclude Include="DX_Object_ClickButton.h">
      <Filter>DX\Object</Filter>
    </ClInclude>
    <ClInclude Include="DX_ConstantValues.h">
      <Filter>DX</Filter>
    </ClInclude>
    <ClInclude Include="DX_MouseCursol.h">
      <Filter>DX</Filter>
    </ClInclude>
    <ClInclude Include="DX_UnsettableMouseCursol.h">
      <Filter>DX</Filter>
    </ClInclude>
    <ClInclude Include="DX_UtilManager.h">
      <Filter>DX</Filter>
    </ClInclude>
    <ClInclude Include="DX_Core.h">
      <Filter>DX</Filter>
    </ClInclude>
  </ItemGroup>
</Project>